
Microsoft Visual Studio Solution File, Format Version 12.00
# Visual Studio Version 16
VisualStudioVersion = 16.0.28729.10
MinimumVisualStudioVersion = 10.0.40219.1
Project("{FAE04EC0-301F-11D3-BF4B-00C04F79EFBC}") = "ICO_Template", "ICO_Template.csproj", "{5DE79897-0F79-48F7-95C1-92B4A73170C6}"
EndProject
Global
	GlobalSection(SolutionConfigurationPlatforms) = preSolution
		Debug|Any CPU = Debug|Any CPU
		Release|Any CPU = Release|Any CPU
	EndGlobalSection
	GlobalSection(ProjectConfigurationPlatforms) = postSolution
		{5DE79897-0F79-48F7-95C1-92B4A73170C6}.Debug|Any CPU.ActiveCfg = Debug|Any CPU
		{5DE79897-0F79-48F7-95C1-92B4A73170C6}.Debug|Any CPU.Build.0 = Debug|Any CPU
		{5DE79897-0F79-48F7-95C1-92B4A73170C6}.Release|Any CPU.ActiveCfg = Release|Any CPU
		{5DE79897-0F79-48F7-95C1-92B4A73170C6}.Release|Any CPU.Build.0 = Release|Any CPU
	EndGlobalSection
	GlobalSection(SolutionProperties) = preSolution
		HideSolutionNode = FALSE
	EndGlobalSection
	GlobalSection(ExtensibilityGlobals) = postSolution
		SolutionGuid = {C1D1ACFD-58FD-436A-B32E-3ED81C5477FA}
	EndGlobalSection
EndGlobal
