
Microsoft Visual Studio Solution File, Format Version 12.00
# Visual Studio 14
VisualStudioVersion = 14.0.25420.1
MinimumVisualStudioVersion = 10.0.40219.1
Project("{FAE04EC0-301F-11D3-BF4B-00C04F79EFBC}") = "AgencyTransaction", "AgencyTransaction\AgencyTransaction.csproj", "{2B3D92C9-CBCD-4AF7-9135-20CD97143ACF}"
EndProject
Project("{FAE04EC0-301F-11D3-BF4B-00C04F79EFBC}") = "Lock", "Lock\Lock.csproj", "{02F32860-7875-4D48-BB8C-FCD121845C6F}"
EndProject
Project("{FAE04EC0-301F-11D3-BF4B-00C04F79EFBC}") = "HelloWorld", "HelloWorld\HelloWorld.csproj", "{BB4BA99D-2AA8-436B-892D-F82375E565B5}"
EndProject
Global
	GlobalSection(SolutionConfigurationPlatforms) = preSolution
		Debug|Any CPU = Debug|Any CPU
		Release|Any CPU = Release|Any CPU
	EndGlobalSection
	GlobalSection(ProjectConfigurationPlatforms) = postSolution
		{2B3D92C9-CBCD-4AF7-9135-20CD97143ACF}.Debug|Any CPU.ActiveCfg = Debug|Any CPU
		{2B3D92C9-CBCD-4AF7-9135-20CD97143ACF}.Debug|Any CPU.Build.0 = Debug|Any CPU
		{2B3D92C9-CBCD-4AF7-9135-20CD97143ACF}.Release|Any CPU.ActiveCfg = Release|Any CPU
		{2B3D92C9-CBCD-4AF7-9135-20CD97143ACF}.Release|Any CPU.Build.0 = Release|Any CPU
		{02F32860-7875-4D48-BB8C-FCD121845C6F}.Debug|Any CPU.ActiveCfg = Debug|Any CPU
		{02F32860-7875-4D48-BB8C-FCD121845C6F}.Debug|Any CPU.Build.0 = Debug|Any CPU
		{02F32860-7875-4D48-BB8C-FCD121845C6F}.Release|Any CPU.ActiveCfg = Release|Any CPU
		{02F32860-7875-4D48-BB8C-FCD121845C6F}.Release|Any CPU.Build.0 = Release|Any CPU
		{BB4BA99D-2AA8-436B-892D-F82375E565B5}.Debug|Any CPU.ActiveCfg = Debug|Any CPU
		{BB4BA99D-2AA8-436B-892D-F82375E565B5}.Debug|Any CPU.Build.0 = Debug|Any CPU
		{BB4BA99D-2AA8-436B-892D-F82375E565B5}.Release|Any CPU.ActiveCfg = Release|Any CPU
		{BB4BA99D-2AA8-436B-892D-F82375E565B5}.Release|Any CPU.Build.0 = Release|Any CPU
	EndGlobalSection
	GlobalSection(SolutionProperties) = preSolution
		HideSolutionNode = FALSE
	EndGlobalSection
EndGlobal
