
Microsoft Visual Studio Solution File, Format Version 12.00
# Visual Studio 15
VisualStudioVersion = 15.0.26730.8
MinimumVisualStudioVersion = 10.0.40219.1
Project("{FAE04EC0-301F-11D3-BF4B-00C04F79EFBC}") = "AgencyTransaction", "AgencyTransaction\AgencyTransaction.csproj", "{2B3D92C9-CBCD-4AF7-9135-20CD97143ACF}"
EndProject
Project("{FAE04EC0-301F-11D3-BF4B-00C04F79EFBC}") = "Lock", "Lock\Lock.csproj", "{02F32860-7875-4D48-BB8C-FCD121845C6F}"
EndProject
Project("{FAE04EC0-301F-11D3-BF4B-00C04F79EFBC}") = "HelloWorld", "HelloWorld\HelloWorld.csproj", "{BB4BA99D-2AA8-436B-892D-F82375E565B5}"
EndProject
Project("{FAE04EC0-301F-11D3-BF4B-00C04F79EFBC}") = "Domain", "Domain\Domain.csproj", "{F6ED9982-E374-4A37-8332-CE4368A9B802}"
EndProject
Project("{FAE04EC0-301F-11D3-BF4B-00C04F79EFBC}") = "StructExample", "StructExample\StructExample.csproj", "{6777CA72-89CB-4FDD-84C3-BC82A440CD58}"
EndProject
Project("{FAE04EC0-301F-11D3-BF4B-00C04F79EFBC}") = "ICO_Template", "ICO_Template\ICO_Template.csproj", "{5DE79897-0F79-48F7-95C1-92B4A73170C6}"
EndProject
Project("{FAE04EC0-301F-11D3-BF4B-00C04F79EFBC}") = "MapExample", "MapExample\MapExample.csproj", "{00974722-3492-4514-9712-9A7D091A1D24}"
EndProject
Project("{FAE04EC0-301F-11D3-BF4B-00C04F79EFBC}") = "EventExample", "EventExample\EventExample.csproj", "{63CECEA1-2506-4FDE-BFE2-EA89F75FBF7A}"
EndProject
Global
	GlobalSection(SolutionConfigurationPlatforms) = preSolution
		Debug|Any CPU = Debug|Any CPU
		Release|Any CPU = Release|Any CPU
	EndGlobalSection
	GlobalSection(ProjectConfigurationPlatforms) = postSolution
		{2B3D92C9-CBCD-4AF7-9135-20CD97143ACF}.Debug|Any CPU.ActiveCfg = Debug|Any CPU
		{2B3D92C9-CBCD-4AF7-9135-20CD97143ACF}.Debug|Any CPU.Build.0 = Debug|Any CPU
		{2B3D92C9-CBCD-4AF7-9135-20CD97143ACF}.Release|Any CPU.ActiveCfg = Release|Any CPU
		{2B3D92C9-CBCD-4AF7-9135-20CD97143ACF}.Release|Any CPU.Build.0 = Release|Any CPU
		{02F32860-7875-4D48-BB8C-FCD121845C6F}.Debug|Any CPU.ActiveCfg = Debug|Any CPU
		{02F32860-7875-4D48-BB8C-FCD121845C6F}.Debug|Any CPU.Build.0 = Debug|Any CPU
		{02F32860-7875-4D48-BB8C-FCD121845C6F}.Release|Any CPU.ActiveCfg = Release|Any CPU
		{02F32860-7875-4D48-BB8C-FCD121845C6F}.Release|Any CPU.Build.0 = Release|Any CPU
		{BB4BA99D-2AA8-436B-892D-F82375E565B5}.Debug|Any CPU.ActiveCfg = Debug|Any CPU
		{BB4BA99D-2AA8-436B-892D-F82375E565B5}.Debug|Any CPU.Build.0 = Debug|Any CPU
		{BB4BA99D-2AA8-436B-892D-F82375E565B5}.Release|Any CPU.ActiveCfg = Release|Any CPU
		{BB4BA99D-2AA8-436B-892D-F82375E565B5}.Release|Any CPU.Build.0 = Release|Any CPU
		{F6ED9982-E374-4A37-8332-CE4368A9B802}.Debug|Any CPU.ActiveCfg = Debug|Any CPU
		{F6ED9982-E374-4A37-8332-CE4368A9B802}.Debug|Any CPU.Build.0 = Debug|Any CPU
		{F6ED9982-E374-4A37-8332-CE4368A9B802}.Release|Any CPU.ActiveCfg = Release|Any CPU
		{F6ED9982-E374-4A37-8332-CE4368A9B802}.Release|Any CPU.Build.0 = Release|Any CPU
		{6777CA72-89CB-4FDD-84C3-BC82A440CD58}.Debug|Any CPU.ActiveCfg = Debug|Any CPU
		{6777CA72-89CB-4FDD-84C3-BC82A440CD58}.Debug|Any CPU.Build.0 = Debug|Any CPU
		{6777CA72-89CB-4FDD-84C3-BC82A440CD58}.Release|Any CPU.ActiveCfg = Release|Any CPU
		{6777CA72-89CB-4FDD-84C3-BC82A440CD58}.Release|Any CPU.Build.0 = Release|Any CPU
		{5DE79897-0F79-48F7-95C1-92B4A73170C6}.Debug|Any CPU.ActiveCfg = Debug|Any CPU
		{5DE79897-0F79-48F7-95C1-92B4A73170C6}.Debug|Any CPU.Build.0 = Debug|Any CPU
		{5DE79897-0F79-48F7-95C1-92B4A73170C6}.Release|Any CPU.ActiveCfg = Release|Any CPU
		{5DE79897-0F79-48F7-95C1-92B4A73170C6}.Release|Any CPU.Build.0 = Release|Any CPU
		{00974722-3492-4514-9712-9A7D091A1D24}.Debug|Any CPU.ActiveCfg = Debug|Any CPU
		{00974722-3492-4514-9712-9A7D091A1D24}.Debug|Any CPU.Build.0 = Debug|Any CPU
		{00974722-3492-4514-9712-9A7D091A1D24}.Release|Any CPU.ActiveCfg = Release|Any CPU
		{00974722-3492-4514-9712-9A7D091A1D24}.Release|Any CPU.Build.0 = Release|Any CPU
		{63CECEA1-2506-4FDE-BFE2-EA89F75FBF7A}.Debug|Any CPU.ActiveCfg = Debug|Any CPU
		{63CECEA1-2506-4FDE-BFE2-EA89F75FBF7A}.Debug|Any CPU.Build.0 = Debug|Any CPU
		{63CECEA1-2506-4FDE-BFE2-EA89F75FBF7A}.Release|Any CPU.ActiveCfg = Release|Any CPU
		{63CECEA1-2506-4FDE-BFE2-EA89F75FBF7A}.Release|Any CPU.Build.0 = Release|Any CPU
	EndGlobalSection
	GlobalSection(SolutionProperties) = preSolution
		HideSolutionNode = FALSE
	EndGlobalSection
	GlobalSection(ExtensibilityGlobals) = postSolution
		SolutionGuid = {169EC3B8-6AF3-4326-A39C-07FB940E4DEB}
	EndGlobalSection
EndGlobal
