
Microsoft Visual Studio Solution File, Format Version 12.00
# Visual Studio Version 16
VisualStudioVersion = 16.0.28729.10
MinimumVisualStudioVersion = 10.0.40219.1
Project("{FAE04EC0-301F-11D3-BF4B-00C04F79EFBC}") = "AgencyTransaction", "AgencyTransaction.csproj", "{2B3D92C9-CBCD-4AF7-9135-20CD97143ACF}"
EndProject
Global
	GlobalSection(SolutionConfigurationPlatforms) = preSolution
		Debug|Any CPU = Debug|Any CPU
		Release|Any CPU = Release|Any CPU
	EndGlobalSection
	GlobalSection(ProjectConfigurationPlatforms) = postSolution
		{2B3D92C9-CBCD-4AF7-9135-20CD97143ACF}.Debug|Any CPU.ActiveCfg = Debug|Any CPU
		{2B3D92C9-CBCD-4AF7-9135-20CD97143ACF}.Debug|Any CPU.Build.0 = Debug|Any CPU
		{2B3D92C9-CBCD-4AF7-9135-20CD97143ACF}.Release|Any CPU.ActiveCfg = Release|Any CPU
		{2B3D92C9-CBCD-4AF7-9135-20CD97143ACF}.Release|Any CPU.Build.0 = Release|Any CPU
	EndGlobalSection
	GlobalSection(SolutionProperties) = preSolution
		HideSolutionNode = FALSE
	EndGlobalSection
	GlobalSection(ExtensibilityGlobals) = postSolution
		SolutionGuid = {9168C6FE-829A-46CD-8616-90A1E74A0958}
	EndGlobalSection
EndGlobal
