
Microsoft Visual Studio Solution File, Format Version 12.00
# Visual Studio Version 16
VisualStudioVersion = 16.0.30907.101
MinimumVisualStudioVersion = 10.0.40219.1
Project("{FAE04EC0-301F-11D3-BF4B-00C04F79EFBC}") = "EventExample", "EventExample.csproj", "{B51F8CBE-5138-4F90-B62E-5C595E4F340B}"
EndProject
Global
	GlobalSection(SolutionConfigurationPlatforms) = preSolution
		Debug|Any CPU = Debug|Any CPU
		Release|Any CPU = Release|Any CPU
	EndGlobalSection
	GlobalSection(ProjectConfigurationPlatforms) = postSolution
		{B51F8CBE-5138-4F90-B62E-5C595E4F340B}.Debug|Any CPU.ActiveCfg = Debug|Any CPU
		{B51F8CBE-5138-4F90-B62E-5C595E4F340B}.Debug|Any CPU.Build.0 = Debug|Any CPU
		{B51F8CBE-5138-4F90-B62E-5C595E4F340B}.Release|Any CPU.ActiveCfg = Release|Any CPU
		{B51F8CBE-5138-4F90-B62E-5C595E4F340B}.Release|Any CPU.Build.0 = Release|Any CPU
	EndGlobalSection
	GlobalSection(SolutionProperties) = preSolution
		HideSolutionNode = FALSE
	EndGlobalSection
	GlobalSection(ExtensibilityGlobals) = postSolution
		SolutionGuid = {A93ED77A-A60E-4613-8BF7-0C9B652C62D2}
	EndGlobalSection
EndGlobal
