
Microsoft Visual Studio Solution File, Format Version 12.00
# Visual Studio Version 16
VisualStudioVersion = 16.0.28729.10
MinimumVisualStudioVersion = 10.0.40219.1
Project("{FAE04EC0-301F-11D3-BF4B-00C04F79EFBC}") = "MapExample", "MapExample.csproj", "{00974722-3492-4514-9712-9A7D091A1D24}"
EndProject
Global
	GlobalSection(SolutionConfigurationPlatforms) = preSolution
		Debug|Any CPU = Debug|Any CPU
		Release|Any CPU = Release|Any CPU
	EndGlobalSection
	GlobalSection(ProjectConfigurationPlatforms) = postSolution
		{00974722-3492-4514-9712-9A7D091A1D24}.Debug|Any CPU.ActiveCfg = Debug|Any CPU
		{00974722-3492-4514-9712-9A7D091A1D24}.Debug|Any CPU.Build.0 = Debug|Any CPU
		{00974722-3492-4514-9712-9A7D091A1D24}.Release|Any CPU.ActiveCfg = Release|Any CPU
		{00974722-3492-4514-9712-9A7D091A1D24}.Release|Any CPU.Build.0 = Release|Any CPU
	EndGlobalSection
	GlobalSection(SolutionProperties) = preSolution
		HideSolutionNode = FALSE
	EndGlobalSection
	GlobalSection(ExtensibilityGlobals) = postSolution
		SolutionGuid = {C9CF4C92-244F-4A1F-A770-6AE3BB5B66C3}
	EndGlobalSection
EndGlobal
