
Microsoft Visual Studio Solution File, Format Version 12.00
# Visual Studio Version 16
VisualStudioVersion = 16.0.30907.101
MinimumVisualStudioVersion = 10.0.40219.1
Project("{FAE04EC0-301F-11D3-BF4B-00C04F79EFBC}") = "StorageExample", "StorageExample.csproj", "{ADEA98EA-4D7F-4D1E-88ED-9B19C9DDD494}"
EndProject
Global
	GlobalSection(SolutionConfigurationPlatforms) = preSolution
		Debug|Any CPU = Debug|Any CPU
		Release|Any CPU = Release|Any CPU
	EndGlobalSection
	GlobalSection(ProjectConfigurationPlatforms) = postSolution
		{ADEA98EA-4D7F-4D1E-88ED-9B19C9DDD494}.Debug|Any CPU.ActiveCfg = Debug|Any CPU
		{ADEA98EA-4D7F-4D1E-88ED-9B19C9DDD494}.Debug|Any CPU.Build.0 = Debug|Any CPU
		{ADEA98EA-4D7F-4D1E-88ED-9B19C9DDD494}.Release|Any CPU.ActiveCfg = Release|Any CPU
		{ADEA98EA-4D7F-4D1E-88ED-9B19C9DDD494}.Release|Any CPU.Build.0 = Release|Any CPU
	EndGlobalSection
	GlobalSection(SolutionProperties) = preSolution
		HideSolutionNode = FALSE
	EndGlobalSection
	GlobalSection(ExtensibilityGlobals) = postSolution
		SolutionGuid = {6EE6BFC2-2DC4-458A-9E43-53EFC1593440}
	EndGlobalSection
EndGlobal
